// !$*UTF8*$!
{
	archiveVersion = 1;
	classes = {
	};
	objectVersion = 50;
	objects = {

/* Begin PBXBuildFile section */
		D2E8169A20D82133006BFA3C /* AppDelegate.swift in Sources */ = {isa = PBXBuildFile; fileRef = D2E8169920D82133006BFA3C /* AppDelegate.swift */; };
		D2E8169C20D82133006BFA3C /* ViewController.swift in Sources */ = {isa = PBXBuildFile; fileRef = D2E8169B20D82133006BFA3C /* ViewController.swift */; };
		D2E8169F20D82133006BFA3C /* Main.storyboard in Resources */ = {isa = PBXBuildFile; fileRef = D2E8169D20D82133006BFA3C /* Main.storyboard */; };
		D2E816A120D82135006BFA3C /* Assets.xcassets in Resources */ = {isa = PBXBuildFile; fileRef = D2E816A020D82135006BFA3C /* Assets.xcassets */; };
		D2E816A420D82135006BFA3C /* LaunchScreen.storyboard in Resources */ = {isa = PBXBuildFile; fileRef = D2E816A220D82135006BFA3C /* LaunchScreen.storyboard */; };
		D2E816B420D82740006BFA3C /* InfoPlist.strings in Resources */ = {isa = PBXBuildFile; fileRef = D2E816B220D82740006BFA3C /* InfoPlist.strings */; };
/* End PBXBuildFile section */

/* Begin PBXFileReference section */
		D2E8169620D82133006BFA3C /* AppleBug.app */ = {isa = PBXFileReference; explicitFileType = wrapper.application; includeInIndex = 0; path = AppleBug.app; sourceTree = BUILT_PRODUCTS_DIR; };
		D2E8169920D82133006BFA3C /* AppDelegate.swift */ = {isa = PBXFileReference; lastKnownFileType = sourcecode.swift; path = AppDelegate.swift; sourceTree = "<group>"; };
		D2E8169B20D82133006BFA3C /* ViewController.swift */ = {isa = PBXFileReference; lastKnownFileType = sourcecode.swift; path = ViewController.swift; sourceTree = "<group>"; };
		D2E8169E20D82133006BFA3C /* Base */ = {isa = PBXFileReference; lastKnownFileType = file.storyboard; name = Base; path = Base.lproj/Main.storyboard; sourceTree = "<group>"; };
		D2E816A020D82135006BFA3C /* Assets.xcassets */ = {isa = PBXFileReference; lastKnownFileType = folder.assetcatalog; path = Assets.xcassets; sourceTree = "<group>"; };
		D2E816A320D82135006BFA3C /* Base */ = {isa = PBXFileReference; lastKnownFileType = file.storyboard; name = Base; path = Base.lproj/LaunchScreen.storyboard; sourceTree = "<group>"; };
		D2E816A520D82135006BFA3C /* Info.plist */ = {isa = PBXFileReference; lastKnownFileType = text.plist.xml; path = Info.plist; sourceTree = "<group>"; };
		D2E816AD20D822D4006BFA3C /* es */ = {isa = PBXFileReference; lastKnownFileType = text.plist.strings; name = es; path = es.lproj/Main.strings; sourceTree = "<group>"; };
		D2E816AE20D822D4006BFA3C /* es */ = {isa = PBXFileReference; lastKnownFileType = text.plist.strings; name = es; path = es.lproj/LaunchScreen.strings; sourceTree = "<group>"; };
		D2E816B320D82740006BFA3C /* (null) */ = {isa = PBXFileReference; lastKnownFileType = text.plist.strings; name = "(null)"; path = "(null).lproj/InfoPlist.strings"; sourceTree = "<group>"; };
/* End PBXFileReference section */

/* Begin PBXFrameworksBuildPhase section */
		D2E8169320D82133006BFA3C /* Frameworks */ = {
			isa = PBXFrameworksBuildPhase;
			buildActionMask = 2147483647;
			files = (
			);
			runOnlyForDeploymentPostprocessing = 0;
		};
/* End PBXFrameworksBuildPhase section */

/* Begin PBXGroup section */
		D2E8168D20D82133006BFA3C = {
			isa = PBXGroup;
			children = (
				D2E8169820D82133006BFA3C /* AppleBug */,
				D2E8169720D82133006BFA3C /* Products */,
			);
			sourceTree = "<group>";
		};
		D2E8169720D82133006BFA3C /* Products */ = {
			isa = PBXGroup;
			children = (
				D2E8169620D82133006BFA3C /* AppleBug.app */,
			);
			name = Products;
			sourceTree = "<group>";
		};
		D2E8169820D82133006BFA3C /* AppleBug */ = {
			isa = PBXGroup;
			children = (
				D2E8169920D82133006BFA3C /* AppDelegate.swift */,
				D2E8169B20D82133006BFA3C /* ViewController.swift */,
				D2E8169D20D82133006BFA3C /* Main.storyboard */,
				D2E816A020D82135006BFA3C /* Assets.xcassets */,
				D2E816A220D82135006BFA3C /* LaunchScreen.storyboard */,
				D2E816A520D82135006BFA3C /* Info.plist */,
				D2E816B220D82740006BFA3C /* InfoPlist.strings */,
			);
			path = AppleBug;
			sourceTree = "<group>";
		};
/* End PBXGroup section */

/* Begin PBXNativeTarget section */
		D2E8169520D82133006BFA3C /* AppleBug */ = {
			isa = PBXNativeTarget;
			buildConfigurationList = D2E816A820D82135006BFA3C /* Build configuration list for PBXNativeTarget "AppleBug" */;
			buildPhases = (
				D2E8169220D82133006BFA3C /* Sources */,
				D2E8169320D82133006BFA3C /* Frameworks */,
				D2E8169420D82133006BFA3C /* Resources */,
			);
			buildRules = (
			);
			dependencies = (
			);
			name = AppleBug;
			productName = AppleBug;
			productReference = D2E8169620D82133006BFA3C /* AppleBug.app */;
			productType = "com.apple.product-type.application";
		};
/* End PBXNativeTarget section */

/* Begin PBXProject section */
		D2E8168E20D82133006BFA3C /* Project object */ = {
			isa = PBXProject;
			attributes = {
				LastSwiftUpdateCheck = 0940;
				LastUpgradeCheck = 0940;
				ORGANIZATIONNAME = "Smartling, Inc.";
				TargetAttributes = {
					D2E8169520D82133006BFA3C = {
						CreatedOnToolsVersion = 9.4.1;
					};
				};
			};
			buildConfigurationList = D2E8169120D82133006BFA3C /* Build configuration list for PBXProject "AppleBug" */;
			compatibilityVersion = "Xcode 9.3";
			developmentRegion = en;
			hasScannedForEncodings = 0;
			knownRegions = (
				en,
				Base,
				"(null)",
			);
			mainGroup = D2E8168D20D82133006BFA3C;
			productRefGroup = D2E8169720D82133006BFA3C /* Products */;
			projectDirPath = "";
			projectRoot = "";
			targets = (
				D2E8169520D82133006BFA3C /* AppleBug */,
			);
		};
/* End PBXProject section */

/* Begin PBXResourcesBuildPhase section */
		D2E8169420D82133006BFA3C /* Resources */ = {
			isa = PBXResourcesBuildPhase;
			buildActionMask = 2147483647;
			files = (
				D2E816A420D82135006BFA3C /* LaunchScreen.storyboard in Resources */,
				D2E816B420D82740006BFA3C /* InfoPlist.strings in Resources */,
				D2E816A120D82135006BFA3C /* Assets.xcassets in Resources */,
				D2E8169F20D82133006BFA3C /* Main.storyboard in Resources */,
			);
			runOnlyForDeploymentPostprocessing = 0;
		};
/* End PBXResourcesBuildPhase section */

/* Begin PBXSourcesBuildPhase section */
		D2E8169220D82133006BFA3C /* Sources */ = {
			isa = PBXSourcesBuildPhase;
			buildActionMask = 2147483647;
			files = (
				D2E8169C20D82133006BFA3C /* ViewController.swift in Sources */,
				D2E8169A20D82133006BFA3C /* AppDelegate.swift in Sources */,
			);
			runOnlyForDeploymentPostprocessing = 0;
		};
/* End PBXSourcesBuildPhase section */

/* Begin PBXVariantGroup section */
		D2E8169D20D82133006BFA3C /* Main.storyboard */ = {
			isa = PBXVariantGroup;
			children = (
				D2E8169E20D82133006BFA3C /* Base */,
				D2E816AD20D822D4006BFA3C /* es */,
			);
			name = Main.storyboard;
			sourceTree = "<group>";
		};
		D2E816A220D82135006BFA3C /* LaunchScreen.storyboard */ = {
			isa = PBXVariantGroup;
			children = (
				D2E816A320D82135006BFA3C /* Base */,
				D2E816AE20D822D4006BFA3C /* es */,
			);
			name = LaunchScreen.storyboard;
			sourceTree = "<group>";
		};
		D2E816B220D82740006BFA3C /* InfoPlist.strings */ = {
			isa = PBXVariantGroup;
			children = (
				D2E816B320D82740006BFA3C /* (null) */,
			);
			name = InfoPlist.strings;
			sourceTree = "<group>";
		};
/* End PBXVariantGroup section */

/* Begin XCBuildConfiguration section */
		D2E816A620D82135006BFA3C /* Debug */ = {
			isa = XCBuildConfiguration;
			buildSettings = {
				ALWAYS_SEARCH_USER_PATHS = NO;
				CLANG_ANALYZER_LOCALIZABILITY_NONLOCALIZED = YES;
				CLANG_ANALYZER_NONNULL = YES;
				CLANG_ANALYZER_NUMBER_OBJECT_CONVERSION = YES_AGGRESSIVE;
				CLANG_CXX_LANGUAGE_STANDARD = "gnu++14";
				CLANG_CXX_LIBRARY = "libc++";
				CLANG_ENABLE_MODULES = YES;
				CLANG_ENABLE_OBJC_ARC = YES;
				CLANG_ENABLE_OBJC_WEAK = YES;
				CLANG_WARN_BLOCK_CAPTURE_AUTORELEASING = YES;
				CLANG_WARN_BOOL_CONVERSION = YES;
				CLANG_WARN_COMMA = YES;
				CLANG_WARN_CONSTANT_CONVERSION = YES;
				CLANG_WARN_DEPRECATED_OBJC_IMPLEMENTATIONS = YES;
				CLANG_WARN_DIRECT_OBJC_ISA_USAGE = YES_ERROR;
				CLANG_WARN_DOCUMENTATION_COMMENTS = YES;
				CLANG_WARN_EMPTY_BODY = YES;
				CLANG_WARN_ENUM_CONVERSION = YES;
				CLANG_WARN_INFINITE_RECURSION = YES;
				CLANG_WARN_INT_CONVERSION = YES;
				CLANG_WARN_NON_LITERAL_NULL_CONVERSION = YES;
				CLANG_WARN_OBJC_IMPLICIT_RETAIN_SELF = YES;
				CLANG_WARN_OBJC_LITERAL_CONVERSION = YES;
				CLANG_WARN_OBJC_ROOT_CLASS = YES_ERROR;
				CLANG_WARN_RANGE_LOOP_ANALYSIS = YES;
				CLANG_WARN_STRICT_PROTOTYPES = YES;
				CLANG_WARN_SUSPICIOUS_MOVE = YES;
				CLANG_WARN_UNGUARDED_AVAILABILITY = YES_AGGRESSIVE;
				CLANG_WARN_UNREACHABLE_CODE = YES;
				CLANG_WARN__DUPLICATE_METHOD_MATCH = YES;
				CODE_SIGN_IDENTITY = "iPhone Developer";
				COPY_PHASE_STRIP = NO;
				DEBUG_INFORMATION_FORMAT = dwarf;
				ENABLE_STRICT_OBJC_MSGSEND = YES;
				ENABLE_TESTABILITY = YES;
				GCC_C_LANGUAGE_STANDARD = gnu11;
				GCC_DYNAMIC_NO_PIC = NO;
				GCC_NO_COMMON_BLOCKS = YES;
				GCC_OPTIMIZATION_LEVEL = 0;
				GCC_PREPROCESSOR_DEFINITIONS = (
					"DEBUG=1",
					"$(inherited)",
				);
				GCC_WARN_64_TO_32_BIT_CONVERSION = YES;
				GCC_WARN_ABOUT_RETURN_TYPE = YES_ERROR;
				GCC_WARN_UNDECLARED_SELECTOR = YES;
				GCC_WARN_UNINITIALIZED_AUTOS = YES_AGGRESSIVE;
				GCC_WARN_UNUSED_FUNCTION = YES;
				GCC_WARN_UNUSED_VARIABLE = YES;
				IPHONEOS_DEPLOYMENT_TARGET = 11.4;
				MTL_ENABLE_DEBUG_INFO = YES;
				ONLY_ACTIVE_ARCH = YES;
				SDKROOT = iphoneos;
				SWIFT_ACTIVE_COMPILATION_CONDITIONS = DEBUG;
				SWIFT_OPTIMIZATION_LEVEL = "-Onone";
			};
			name = Debug;
		};
		D2E816A720D82135006BFA3C /* Release */ = {
			isa = XCBuildConfiguration;
			buildSettings = {
				ALWAYS_SEARCH_USER_PATHS = NO;
				CLANG_ANALYZER_LOCALIZABILITY_NONLOCALIZED = YES;
				CLANG_ANALYZER_NONNULL = YES;
				CLANG_ANALYZER_NUMBER_OBJECT_CONVERSION = YES_AGGRESSIVE;
				CLANG_CXX_LANGUAGE_STANDARD = "gnu++14";
				CLANG_CXX_LIBRARY = "libc++";
				CLANG_ENABLE_MODULES = YES;
				CLANG_ENABLE_OBJC_ARC = YES;
				CLANG_ENABLE_OBJC_WEAK = YES;
				CLANG_WARN_BLOCK_CAPTURE_AUTORELEASING = YES;
				CLANG_WARN_BOOL_CONVERSION = YES;
				CLANG_WARN_COMMA = YES;
				CLANG_WARN_CONSTANT_CONVERSION = YES;
				CLANG_WARN_DEPRECATED_OBJC_IMPLEMENTATIONS = YES;
				CLANG_WARN_DIRECT_OBJC_ISA_USAGE = YES_ERROR;
				CLANG_WARN_DOCUMENTATION_COMMENTS = YES;
				CLANG_WARN_EMPTY_BODY = YES;
				CLANG_WARN_ENUM_CONVERSION = YES;
				CLANG_WARN_INFINITE_RECURSION = YES;
				CLANG_WARN_INT_CONVERSION = YES;
				CLANG_WARN_NON_LITERAL_NULL_CONVERSION = YES;
				CLANG_WARN_OBJC_IMPLICIT_RETAIN_SELF = YES;
				CLANG_WARN_OBJC_LITERAL_CONVERSION = YES;
				CLANG_WARN_OBJC_ROOT_CLASS = YES_ERROR;
				CLANG_WARN_RANGE_LOOP_ANALYSIS = YES;
				CLANG_WARN_STRICT_PROTOTYPES = YES;
				CLANG_WARN_SUSPICIOUS_MOVE = YES;
				CLANG_WARN_UNGUARDED_AVAILABILITY = YES_AGGRESSIVE;
				CLANG_WARN_UNREACHABLE_CODE = YES;
				CLANG_WARN__DUPLICATE_METHOD_MATCH = YES;
				CODE_SIGN_IDENTITY = "iPhone Developer";
				COPY_PHASE_STRIP = NO;
				DEBUG_INFORMATION_FORMAT = "dwarf-with-dsym";
				ENABLE_NS_ASSERTIONS = NO;
				ENABLE_STRICT_OBJC_MSGSEND = YES;
				GCC_C_LANGUAGE_STANDARD = gnu11;
				GCC_NO_COMMON_BLOCKS = YES;
				GCC_WARN_64_TO_32_BIT_CONVERSION = YES;
				GCC_WARN_ABOUT_RETURN_TYPE = YES_ERROR;
				GCC_WARN_UNDECLARED_SELECTOR = YES;
				GCC_WARN_UNINITIALIZED_AUTOS = YES_AGGRESSIVE;
				GCC_WARN_UNUSED_FUNCTION = YES;
				GCC_WARN_UNUSED_VARIABLE = YES;
				IPHONEOS_DEPLOYMENT_TARGET = 11.4;
				MTL_ENABLE_DEBUG_INFO = NO;
				SDKROOT = iphoneos;
				SWIFT_COMPILATION_MODE = wholemodule;
				SWIFT_OPTIMIZATION_LEVEL = "-O";
				VALIDATE_PRODUCT = YES;
			};
			name = Release;
		};
		D2E816A920D82135006BFA3C /* Debug */ = {
			isa = XCBuildConfiguration;
			buildSettings = {
				ASSETCATALOG_COMPILER_APPICON_NAME = AppIcon;
				CODE_SIGN_STYLE = Automatic;
				DEVELOPMENT_TEAM = M269PLPZB7;
				INFOPLIST_FILE = AppleBug/Info.plist;
				LD_RUNPATH_SEARCH_PATHS = (
					"$(inherited)",
					"@executable_path/Frameworks",
				);
				PRODUCT_BUNDLE_IDENTIFIER = com.smartling.ios.demo.AppleBug;
				PRODUCT_NAME = "$(TARGET_NAME)";
				SWIFT_VERSION = 4.0;
				TARGETED_DEVICE_FAMILY = "1,2";
			};
			name = Debug;
		};
		D2E816AA20D82135006BFA3C /* Release */ = {
			isa = XCBuildConfiguration;
			buildSettings = {
				ASSETCATALOG_COMPILER_APPICON_NAME = AppIcon;
				CODE_SIGN_STYLE = Automatic;
				DEVELOPMENT_TEAM = M269PLPZB7;
				INFOPLIST_FILE = AppleBug/Info.plist;
				LD_RUNPATH_SEARCH_PATHS = (
					"$(inherited)",
					"@executable_path/Frameworks",
				);
				PRODUCT_BUNDLE_IDENTIFIER = com.smartling.ios.demo.AppleBug;
				PRODUCT_NAME = "$(TARGET_NAME)";
				SWIFT_VERSION = 4.0;
				TARGETED_DEVICE_FAMILY = "1,2";
			};
			name = Release;
		};
/* End XCBuildConfiguration section */

/* Begin XCConfigurationList section */
		D2E8169120D82133006BFA3C /* Build configuration list for PBXProject "AppleBug" */ = {
			isa = XCConfigurationList;
			buildConfigurations = (
				D2E816A620D82135006BFA3C /* Debug */,
				D2E816A720D82135006BFA3C /* Release */,
			);
			defaultConfigurationIsVisible = 0;
			defaultConfigurationName = Release;
		};
		D2E816A820D82135006BFA3C /* Build configuration list for PBXNativeTarget "AppleBug" */ = {
			isa = XCConfigurationList;
			buildConfigurations = (
				D2E816A920D82135006BFA3C /* Debug */,
				D2E816AA20D82135006BFA3C /* Release */,
			);
			defaultConfigurationIsVisible = 0;
			defaultConfigurationName = Release;
		};
/* End XCConfigurationList section */
	};
	rootObject = D2E8168E20D82133006BFA3C /* Project object */;
}
